
Microsoft Visual Studio Solution File, Format Version 12.00
# Visual Studio Version 17
VisualStudioVersion = 17.3.32929.385
MinimumVisualStudioVersion = 10.0.40219.1
Project("{FAE04EC0-301F-11D3-BF4B-00C04F79EFBC}") = "IsPrimeNumber", "IsPrimeNumber\IsPrimeNumber.csproj", "{F4057E5D-E1A2-4759-9274-065A910E9D63}"
EndProject
Global
	GlobalSection(SolutionConfigurationPlatforms) = preSolution
		Debug|Any CPU = Debug|Any CPU
		Release|Any CPU = Release|Any CPU
	EndGlobalSection
	GlobalSection(ProjectConfigurationPlatforms) = postSolution
		{F4057E5D-E1A2-4759-9274-065A910E9D63}.Debug|Any CPU.ActiveCfg = Debug|Any CPU
		{F4057E5D-E1A2-4759-9274-065A910E9D63}.Debug|Any CPU.Build.0 = Debug|Any CPU
		{F4057E5D-E1A2-4759-9274-065A910E9D63}.Release|Any CPU.ActiveCfg = Release|Any CPU
		{F4057E5D-E1A2-4759-9274-065A910E9D63}.Release|Any CPU.Build.0 = Release|Any CPU
	EndGlobalSection
	GlobalSection(SolutionProperties) = preSolution
		HideSolutionNode = FALSE
	EndGlobalSection
	GlobalSection(ExtensibilityGlobals) = postSolution
		SolutionGuid = {CEB4173D-3387-4967-BB03-50F24BE549BE}
	EndGlobalSection
EndGlobal
